
Microsoft Visual Studio Solution File, Format Version 12.00
# Visual Studio Version 16
VisualStudioVersion = 16.0.29519.181
MinimumVisualStudioVersion = 10.0.40219.1
Project("{9A19103F-16F7-4668-BE54-9A1E7A4F7556}") = "TicTacToeApp", "TicTacToeApp.csproj", "{8BBC9095-1766-4D94-BD6D-9696CFE5256E}"
EndProject
Project("{2150E333-8FDC-42A3-9474-1A3956D46DE8}") = "Solution Items", "Solution Items", "{56397163-98E4-4D15-9957-B1D740A05EBC}"
	ProjectSection(SolutionItems) = preProject
		.editorconfig = .editorconfig
	EndProjectSection
EndProject
Global
	GlobalSection(SolutionConfigurationPlatforms) = preSolution
		Debug|Any CPU = Debug|Any CPU
		Release|Any CPU = Release|Any CPU
	EndGlobalSection
	GlobalSection(ProjectConfigurationPlatforms) = postSolution
		{8BBC9095-1766-4D94-BD6D-9696CFE5256E}.Debug|Any CPU.ActiveCfg = Debug|Any CPU
		{8BBC9095-1766-4D94-BD6D-9696CFE5256E}.Debug|Any CPU.Build.0 = Debug|Any CPU
		{8BBC9095-1766-4D94-BD6D-9696CFE5256E}.Release|Any CPU.ActiveCfg = Release|Any CPU
		{8BBC9095-1766-4D94-BD6D-9696CFE5256E}.Release|Any CPU.Build.0 = Release|Any CPU
	EndGlobalSection
	GlobalSection(SolutionProperties) = preSolution
		HideSolutionNode = FALSE
	EndGlobalSection
	GlobalSection(ExtensibilityGlobals) = postSolution
		SolutionGuid = {53049FEA-E977-4970-8700-21FC6D7487A0}
	EndGlobalSection
EndGlobal
